
Microsoft Visual Studio Solution File, Format Version 12.00
# Visual Studio Version 17
VisualStudioVersion = 17.1.31911.260
MinimumVisualStudioVersion = 10.0.40219.1
Project("{FAE04EC0-301F-11D3-BF4B-00C04F79EFBC}") = "SecureTopics", "SecureTopicsMVC\SecureTopics.csproj", "{FC05D3A2-DBAC-47EB-B1A0-EEBAA95CB673}"
EndProject
Global
	GlobalSection(SolutionConfigurationPlatforms) = preSolution
		Debug|Any CPU = Debug|Any CPU
		Release|Any CPU = Release|Any CPU
	EndGlobalSection
	GlobalSection(ProjectConfigurationPlatforms) = postSolution
		{FC05D3A2-DBAC-47EB-B1A0-EEBAA95CB673}.Debug|Any CPU.ActiveCfg = Debug|Any CPU
		{FC05D3A2-DBAC-47EB-B1A0-EEBAA95CB673}.Debug|Any CPU.Build.0 = Debug|Any CPU
		{FC05D3A2-DBAC-47EB-B1A0-EEBAA95CB673}.Release|Any CPU.ActiveCfg = Release|Any CPU
		{FC05D3A2-DBAC-47EB-B1A0-EEBAA95CB673}.Release|Any CPU.Build.0 = Release|Any CPU
	EndGlobalSection
	GlobalSection(SolutionProperties) = preSolution
		HideSolutionNode = FALSE
	EndGlobalSection
	GlobalSection(ExtensibilityGlobals) = postSolution
		SolutionGuid = {0CB53984-A7CA-428C-A386-163144672224}
	EndGlobalSection
EndGlobal
